// !$*UTF8*$!
{
	archiveVersion = 1;
	classes = {
	};
	objectVersion = 50;
	objects = {

/* Begin PBXBuildFile section */
		54D569EA210AD7B400D86AA7 /* AppDelegate.swift in Sources */ = {isa = PBXBuildFile; fileRef = 54D569E9210AD7B400D86AA7 /* AppDelegate.swift */; };
		54D569EC210AD7B400D86AA7 /* ViewController.swift in Sources */ = {isa = PBXBuildFile; fileRef = 54D569EB210AD7B400D86AA7 /* ViewController.swift */; };
		54D569EF210AD7B400D86AA7 /* Main.storyboard in Resources */ = {isa = PBXBuildFile; fileRef = 54D569ED210AD7B400D86AA7 /* Main.storyboard */; };
		54D569F1210AD7B500D86AA7 /* Assets.xcassets in Resources */ = {isa = PBXBuildFile; fileRef = 54D569F0210AD7B500D86AA7 /* Assets.xcassets */; };
		54D569F4210AD7B500D86AA7 /* LaunchScreen.storyboard in Resources */ = {isa = PBXBuildFile; fileRef = 54D569F2210AD7B500D86AA7 /* LaunchScreen.storyboard */; };
		54D569FF210AD80100D86AA7 /* Localizable.strings in Resources */ = {isa = PBXBuildFile; fileRef = 54D56A01210AD80100D86AA7 /* Localizable.strings */; };
		54D56A04210AD82100D86AA7 /* Strings.swift in Sources */ = {isa = PBXBuildFile; fileRef = 54D56A03210AD82100D86AA7 /* Strings.swift */; };
		54D56A06210AD82B00D86AA7 /* String+Extentions.swift in Sources */ = {isa = PBXBuildFile; fileRef = 54D56A05210AD82B00D86AA7 /* String+Extentions.swift */; };
/* End PBXBuildFile section */

/* Begin PBXFileReference section */
		54D569E6210AD7B400D86AA7 /* MultipleLanguage.app */ = {isa = PBXFileReference; explicitFileType = wrapper.application; includeInIndex = 0; path = MultipleLanguage.app; sourceTree = BUILT_PRODUCTS_DIR; };
		54D569E9210AD7B400D86AA7 /* AppDelegate.swift */ = {isa = PBXFileReference; lastKnownFileType = sourcecode.swift; path = AppDelegate.swift; sourceTree = "<group>"; };
		54D569EB210AD7B400D86AA7 /* ViewController.swift */ = {isa = PBXFileReference; lastKnownFileType = sourcecode.swift; path = ViewController.swift; sourceTree = "<group>"; };
		54D569EE210AD7B400D86AA7 /* Base */ = {isa = PBXFileReference; lastKnownFileType = file.storyboard; name = Base; path = Base.lproj/Main.storyboard; sourceTree = "<group>"; };
		54D569F0210AD7B500D86AA7 /* Assets.xcassets */ = {isa = PBXFileReference; lastKnownFileType = folder.assetcatalog; path = Assets.xcassets; sourceTree = "<group>"; };
		54D569F3210AD7B500D86AA7 /* Base */ = {isa = PBXFileReference; lastKnownFileType = file.storyboard; name = Base; path = Base.lproj/LaunchScreen.storyboard; sourceTree = "<group>"; };
		54D569F5210AD7B500D86AA7 /* Info.plist */ = {isa = PBXFileReference; lastKnownFileType = text.plist.xml; path = Info.plist; sourceTree = "<group>"; };
		54D569FD210AD7D800D86AA7 /* vi */ = {isa = PBXFileReference; lastKnownFileType = text.plist.strings; name = vi; path = vi.lproj/Main.strings; sourceTree = "<group>"; };
		54D569FE210AD7D800D86AA7 /* vi */ = {isa = PBXFileReference; lastKnownFileType = text.plist.strings; name = vi; path = vi.lproj/LaunchScreen.strings; sourceTree = "<group>"; };
		54D56A00210AD80100D86AA7 /* vi */ = {isa = PBXFileReference; lastKnownFileType = text.plist.strings; name = vi; path = vi.lproj/Localizable.strings; sourceTree = "<group>"; };
		54D56A02210AD80500D86AA7 /* Base */ = {isa = PBXFileReference; lastKnownFileType = text.plist.strings; name = Base; path = Base.lproj/Localizable.strings; sourceTree = "<group>"; };
		54D56A03210AD82100D86AA7 /* Strings.swift */ = {isa = PBXFileReference; lastKnownFileType = sourcecode.swift; path = Strings.swift; sourceTree = "<group>"; };
		54D56A05210AD82B00D86AA7 /* String+Extentions.swift */ = {isa = PBXFileReference; lastKnownFileType = sourcecode.swift; path = "String+Extentions.swift"; sourceTree = "<group>"; };
/* End PBXFileReference section */

/* Begin PBXFrameworksBuildPhase section */
		54D569E3210AD7B400D86AA7 /* Frameworks */ = {
			isa = PBXFrameworksBuildPhase;
			buildActionMask = 2147483647;
			files = (
			);
			runOnlyForDeploymentPostprocessing = 0;
		};
/* End PBXFrameworksBuildPhase section */

/* Begin PBXGroup section */
		54D569DD210AD7B400D86AA7 = {
			isa = PBXGroup;
			children = (
				54D569E8210AD7B400D86AA7 /* MultipleLanguage */,
				54D569E7210AD7B400D86AA7 /* Products */,
			);
			sourceTree = "<group>";
		};
		54D569E7210AD7B400D86AA7 /* Products */ = {
			isa = PBXGroup;
			children = (
				54D569E6210AD7B400D86AA7 /* MultipleLanguage.app */,
			);
			name = Products;
			sourceTree = "<group>";
		};
		54D569E8210AD7B400D86AA7 /* MultipleLanguage */ = {
			isa = PBXGroup;
			children = (
				54D569E9210AD7B400D86AA7 /* AppDelegate.swift */,
				54D569EB210AD7B400D86AA7 /* ViewController.swift */,
				54D56A03210AD82100D86AA7 /* Strings.swift */,
				54D56A05210AD82B00D86AA7 /* String+Extentions.swift */,
				54D569ED210AD7B400D86AA7 /* Main.storyboard */,
				54D569F0210AD7B500D86AA7 /* Assets.xcassets */,
				54D569F2210AD7B500D86AA7 /* LaunchScreen.storyboard */,
				54D569F5210AD7B500D86AA7 /* Info.plist */,
				54D56A01210AD80100D86AA7 /* Localizable.strings */,
			);
			path = MultipleLanguage;
			sourceTree = "<group>";
		};
/* End PBXGroup section */

/* Begin PBXNativeTarget section */
		54D569E5210AD7B400D86AA7 /* MultipleLanguage */ = {
			isa = PBXNativeTarget;
			buildConfigurationList = 54D569F8210AD7B500D86AA7 /* Build configuration list for PBXNativeTarget "MultipleLanguage" */;
			buildPhases = (
				54D569E2210AD7B400D86AA7 /* Sources */,
				54D569E3210AD7B400D86AA7 /* Frameworks */,
				54D569E4210AD7B400D86AA7 /* Resources */,
			);
			buildRules = (
			);
			dependencies = (
			);
			name = MultipleLanguage;
			productName = MultipleLanguage;
			productReference = 54D569E6210AD7B400D86AA7 /* MultipleLanguage.app */;
			productType = "com.apple.product-type.application";
		};
/* End PBXNativeTarget section */

/* Begin PBXProject section */
		54D569DE210AD7B400D86AA7 /* Project object */ = {
			isa = PBXProject;
			attributes = {
				LastSwiftUpdateCheck = 0940;
				LastUpgradeCheck = 0940;
				ORGANIZATIONNAME = Chung;
				TargetAttributes = {
					54D569E5210AD7B400D86AA7 = {
						CreatedOnToolsVersion = 9.4.1;
					};
				};
			};
			buildConfigurationList = 54D569E1210AD7B400D86AA7 /* Build configuration list for PBXProject "MultipleLanguage" */;
			compatibilityVersion = "Xcode 9.3";
			developmentRegion = en;
			hasScannedForEncodings = 0;
			knownRegions = (
				en,
				Base,
			);
			mainGroup = 54D569DD210AD7B400D86AA7;
			productRefGroup = 54D569E7210AD7B400D86AA7 /* Products */;
			projectDirPath = "";
			projectRoot = "";
			targets = (
				54D569E5210AD7B400D86AA7 /* MultipleLanguage */,
			);
		};
/* End PBXProject section */

/* Begin PBXResourcesBuildPhase section */
		54D569E4210AD7B400D86AA7 /* Resources */ = {
			isa = PBXResourcesBuildPhase;
			buildActionMask = 2147483647;
			files = (
				54D569F4210AD7B500D86AA7 /* LaunchScreen.storyboard in Resources */,
				54D569FF210AD80100D86AA7 /* Localizable.strings in Resources */,
				54D569F1210AD7B500D86AA7 /* Assets.xcassets in Resources */,
				54D569EF210AD7B400D86AA7 /* Main.storyboard in Resources */,
			);
			runOnlyForDeploymentPostprocessing = 0;
		};
/* End PBXResourcesBuildPhase section */

/* Begin PBXSourcesBuildPhase section */
		54D569E2210AD7B400D86AA7 /* Sources */ = {
			isa = PBXSourcesBuildPhase;
			buildActionMask = 2147483647;
			files = (
				54D569EC210AD7B400D86AA7 /* ViewController.swift in Sources */,
				54D56A06210AD82B00D86AA7 /* String+Extentions.swift in Sources */,
				54D56A04210AD82100D86AA7 /* Strings.swift in Sources */,
				54D569EA210AD7B400D86AA7 /* AppDelegate.swift in Sources */,
			);
			runOnlyForDeploymentPostprocessing = 0;
		};
/* End PBXSourcesBuildPhase section */

/* Begin PBXVariantGroup section */
		54D569ED210AD7B400D86AA7 /* Main.storyboard */ = {
			isa = PBXVariantGroup;
			children = (
				54D569EE210AD7B400D86AA7 /* Base */,
				54D569FD210AD7D800D86AA7 /* vi */,
			);
			name = Main.storyboard;
			sourceTree = "<group>";
		};
		54D569F2210AD7B500D86AA7 /* LaunchScreen.storyboard */ = {
			isa = PBXVariantGroup;
			children = (
				54D569F3210AD7B500D86AA7 /* Base */,
				54D569FE210AD7D800D86AA7 /* vi */,
			);
			name = LaunchScreen.storyboard;
			sourceTree = "<group>";
		};
		54D56A01210AD80100D86AA7 /* Localizable.strings */ = {
			isa = PBXVariantGroup;
			children = (
				54D56A00210AD80100D86AA7 /* vi */,
				54D56A02210AD80500D86AA7 /* Base */,
			);
			name = Localizable.strings;
			sourceTree = "<group>";
		};
/* End PBXVariantGroup section */

/* Begin XCBuildConfiguration section */
		54D569F6210AD7B500D86AA7 /* Debug */ = {
			isa = XCBuildConfiguration;
			buildSettings = {
				ALWAYS_SEARCH_USER_PATHS = NO;
				CLANG_ANALYZER_LOCALIZABILITY_NONLOCALIZED = YES;
				CLANG_ANALYZER_NONNULL = YES;
				CLANG_ANALYZER_NUMBER_OBJECT_CONVERSION = YES_AGGRESSIVE;
				CLANG_CXX_LANGUAGE_STANDARD = "gnu++14";
				CLANG_CXX_LIBRARY = "libc++";
				CLANG_ENABLE_MODULES = YES;
				CLANG_ENABLE_OBJC_ARC = YES;
				CLANG_ENABLE_OBJC_WEAK = YES;
				CLANG_WARN_BLOCK_CAPTURE_AUTORELEASING = YES;
				CLANG_WARN_BOOL_CONVERSION = YES;
				CLANG_WARN_COMMA = YES;
				CLANG_WARN_CONSTANT_CONVERSION = YES;
				CLANG_WARN_DEPRECATED_OBJC_IMPLEMENTATIONS = YES;
				CLANG_WARN_DIRECT_OBJC_ISA_USAGE = YES_ERROR;
				CLANG_WARN_DOCUMENTATION_COMMENTS = YES;
				CLANG_WARN_EMPTY_BODY = YES;
				CLANG_WARN_ENUM_CONVERSION = YES;
				CLANG_WARN_INFINITE_RECURSION = YES;
				CLANG_WARN_INT_CONVERSION = YES;
				CLANG_WARN_NON_LITERAL_NULL_CONVERSION = YES;
				CLANG_WARN_OBJC_IMPLICIT_RETAIN_SELF = YES;
				CLANG_WARN_OBJC_LITERAL_CONVERSION = YES;
				CLANG_WARN_OBJC_ROOT_CLASS = YES_ERROR;
				CLANG_WARN_RANGE_LOOP_ANALYSIS = YES;
				CLANG_WARN_STRICT_PROTOTYPES = YES;
				CLANG_WARN_SUSPICIOUS_MOVE = YES;
				CLANG_WARN_UNGUARDED_AVAILABILITY = YES_AGGRESSIVE;
				CLANG_WARN_UNREACHABLE_CODE = YES;
				CLANG_WARN__DUPLICATE_METHOD_MATCH = YES;
				CODE_SIGN_IDENTITY = "iPhone Developer";
				COPY_PHASE_STRIP = NO;
				DEBUG_INFORMATION_FORMAT = dwarf;
				ENABLE_STRICT_OBJC_MSGSEND = YES;
				ENABLE_TESTABILITY = YES;
				GCC_C_LANGUAGE_STANDARD = gnu11;
				GCC_DYNAMIC_NO_PIC = NO;
				GCC_NO_COMMON_BLOCKS = YES;
				GCC_OPTIMIZATION_LEVEL = 0;
				GCC_PREPROCESSOR_DEFINITIONS = (
					"DEBUG=1",
					"$(inherited)",
				);
				GCC_WARN_64_TO_32_BIT_CONVERSION = YES;
				GCC_WARN_ABOUT_RETURN_TYPE = YES_ERROR;
				GCC_WARN_UNDECLARED_SELECTOR = YES;
				GCC_WARN_UNINITIALIZED_AUTOS = YES_AGGRESSIVE;
				GCC_WARN_UNUSED_FUNCTION = YES;
				GCC_WARN_UNUSED_VARIABLE = YES;
				IPHONEOS_DEPLOYMENT_TARGET = 11.4;
				MTL_ENABLE_DEBUG_INFO = YES;
				ONLY_ACTIVE_ARCH = YES;
				SDKROOT = iphoneos;
				SWIFT_ACTIVE_COMPILATION_CONDITIONS = DEBUG;
				SWIFT_OPTIMIZATION_LEVEL = "-Onone";
			};
			name = Debug;
		};
		54D569F7210AD7B500D86AA7 /* Release */ = {
			isa = XCBuildConfiguration;
			buildSettings = {
				ALWAYS_SEARCH_USER_PATHS = NO;
				CLANG_ANALYZER_LOCALIZABILITY_NONLOCALIZED = YES;
				CLANG_ANALYZER_NONNULL = YES;
				CLANG_ANALYZER_NUMBER_OBJECT_CONVERSION = YES_AGGRESSIVE;
				CLANG_CXX_LANGUAGE_STANDARD = "gnu++14";
				CLANG_CXX_LIBRARY = "libc++";
				CLANG_ENABLE_MODULES = YES;
				CLANG_ENABLE_OBJC_ARC = YES;
				CLANG_ENABLE_OBJC_WEAK = YES;
				CLANG_WARN_BLOCK_CAPTURE_AUTORELEASING = YES;
				CLANG_WARN_BOOL_CONVERSION = YES;
				CLANG_WARN_COMMA = YES;
				CLANG_WARN_CONSTANT_CONVERSION = YES;
				CLANG_WARN_DEPRECATED_OBJC_IMPLEMENTATIONS = YES;
				CLANG_WARN_DIRECT_OBJC_ISA_USAGE = YES_ERROR;
				CLANG_WARN_DOCUMENTATION_COMMENTS = YES;
				CLANG_WARN_EMPTY_BODY = YES;
				CLANG_WARN_ENUM_CONVERSION = YES;
				CLANG_WARN_INFINITE_RECURSION = YES;
				CLANG_WARN_INT_CONVERSION = YES;
				CLANG_WARN_NON_LITERAL_NULL_CONVERSION = YES;
				CLANG_WARN_OBJC_IMPLICIT_RETAIN_SELF = YES;
				CLANG_WARN_OBJC_LITERAL_CONVERSION = YES;
				CLANG_WARN_OBJC_ROOT_CLASS = YES_ERROR;
				CLANG_WARN_RANGE_LOOP_ANALYSIS = YES;
				CLANG_WARN_STRICT_PROTOTYPES = YES;
				CLANG_WARN_SUSPICIOUS_MOVE = YES;
				CLANG_WARN_UNGUARDED_AVAILABILITY = YES_AGGRESSIVE;
				CLANG_WARN_UNREACHABLE_CODE = YES;
				CLANG_WARN__DUPLICATE_METHOD_MATCH = YES;
				CODE_SIGN_IDENTITY = "iPhone Developer";
				COPY_PHASE_STRIP = NO;
				DEBUG_INFORMATION_FORMAT = "dwarf-with-dsym";
				ENABLE_NS_ASSERTIONS = NO;
				ENABLE_STRICT_OBJC_MSGSEND = YES;
				GCC_C_LANGUAGE_STANDARD = gnu11;
				GCC_NO_COMMON_BLOCKS = YES;
				GCC_WARN_64_TO_32_BIT_CONVERSION = YES;
				GCC_WARN_ABOUT_RETURN_TYPE = YES_ERROR;
				GCC_WARN_UNDECLARED_SELECTOR = YES;
				GCC_WARN_UNINITIALIZED_AUTOS = YES_AGGRESSIVE;
				GCC_WARN_UNUSED_FUNCTION = YES;
				GCC_WARN_UNUSED_VARIABLE = YES;
				IPHONEOS_DEPLOYMENT_TARGET = 11.4;
				MTL_ENABLE_DEBUG_INFO = NO;
				SDKROOT = iphoneos;
				SWIFT_COMPILATION_MODE = wholemodule;
				SWIFT_OPTIMIZATION_LEVEL = "-O";
				VALIDATE_PRODUCT = YES;
			};
			name = Release;
		};
		54D569F9210AD7B500D86AA7 /* Debug */ = {
			isa = XCBuildConfiguration;
			buildSettings = {
				ASSETCATALOG_COMPILER_APPICON_NAME = AppIcon;
				CODE_SIGN_STYLE = Automatic;
				DEVELOPMENT_TEAM = 56AJJ634ZU;
				INFOPLIST_FILE = MultipleLanguage/Info.plist;
				LD_RUNPATH_SEARCH_PATHS = (
					"$(inherited)",
					"@executable_path/Frameworks",
				);
				PRODUCT_BUNDLE_IDENTIFIER = com.big0.MultipleLanguage;
				PRODUCT_NAME = "$(TARGET_NAME)";
				SWIFT_VERSION = 4.0;
				TARGETED_DEVICE_FAMILY = "1,2";
			};
			name = Debug;
		};
		54D569FA210AD7B500D86AA7 /* Release */ = {
			isa = XCBuildConfiguration;
			buildSettings = {
				ASSETCATALOG_COMPILER_APPICON_NAME = AppIcon;
				CODE_SIGN_STYLE = Automatic;
				DEVELOPMENT_TEAM = 56AJJ634ZU;
				INFOPLIST_FILE = MultipleLanguage/Info.plist;
				LD_RUNPATH_SEARCH_PATHS = (
					"$(inherited)",
					"@executable_path/Frameworks",
				);
				PRODUCT_BUNDLE_IDENTIFIER = com.big0.MultipleLanguage;
				PRODUCT_NAME = "$(TARGET_NAME)";
				SWIFT_VERSION = 4.0;
				TARGETED_DEVICE_FAMILY = "1,2";
			};
			name = Release;
		};
/* End XCBuildConfiguration section */

/* Begin XCConfigurationList section */
		54D569E1210AD7B400D86AA7 /* Build configuration list for PBXProject "MultipleLanguage" */ = {
			isa = XCConfigurationList;
			buildConfigurations = (
				54D569F6210AD7B500D86AA7 /* Debug */,
				54D569F7210AD7B500D86AA7 /* Release */,
			);
			defaultConfigurationIsVisible = 0;
			defaultConfigurationName = Release;
		};
		54D569F8210AD7B500D86AA7 /* Build configuration list for PBXNativeTarget "MultipleLanguage" */ = {
			isa = XCConfigurationList;
			buildConfigurations = (
				54D569F9210AD7B500D86AA7 /* Debug */,
				54D569FA210AD7B500D86AA7 /* Release */,
			);
			defaultConfigurationIsVisible = 0;
			defaultConfigurationName = Release;
		};
/* End XCConfigurationList section */
	};
	rootObject = 54D569DE210AD7B400D86AA7 /* Project object */;
}
